
Microsoft Visual Studio Solution File, Format Version 12.00
# Visual Studio Version 16
VisualStudioVersion = 16.0.31112.23
MinimumVisualStudioVersion = 10.0.40219.1
Project("{FAE04EC0-301F-11D3-BF4B-00C04F79EFBC}") = "PartsInjector", "PartsInjector.csproj", "{131D1EFE-A3E7-4AD7-B49C-E5C683100204}"
EndProject
Project("{FAE04EC0-301F-11D3-BF4B-00C04F79EFBC}") = "PartsLibrary", "..\PartsLibrary\PartsLibrary.csproj", "{F88B843D-F37E-4725-BE36-90F5E2D91A83}"
EndProject
Global
	GlobalSection(SolutionConfigurationPlatforms) = preSolution
		Debug|Any CPU = Debug|Any CPU
		Release|Any CPU = Release|Any CPU
	EndGlobalSection
	GlobalSection(ProjectConfigurationPlatforms) = postSolution
		{131D1EFE-A3E7-4AD7-B49C-E5C683100204}.Debug|Any CPU.ActiveCfg = Debug|Any CPU
		{131D1EFE-A3E7-4AD7-B49C-E5C683100204}.Debug|Any CPU.Build.0 = Debug|Any CPU
		{131D1EFE-A3E7-4AD7-B49C-E5C683100204}.Release|Any CPU.ActiveCfg = Release|Any CPU
		{131D1EFE-A3E7-4AD7-B49C-E5C683100204}.Release|Any CPU.Build.0 = Release|Any CPU
		{F88B843D-F37E-4725-BE36-90F5E2D91A83}.Debug|Any CPU.ActiveCfg = Debug|Any CPU
		{F88B843D-F37E-4725-BE36-90F5E2D91A83}.Debug|Any CPU.Build.0 = Debug|Any CPU
		{F88B843D-F37E-4725-BE36-90F5E2D91A83}.Release|Any CPU.ActiveCfg = Release|Any CPU
		{F88B843D-F37E-4725-BE36-90F5E2D91A83}.Release|Any CPU.Build.0 = Release|Any CPU
	EndGlobalSection
	GlobalSection(SolutionProperties) = preSolution
		HideSolutionNode = FALSE
	EndGlobalSection
	GlobalSection(ExtensibilityGlobals) = postSolution
		SolutionGuid = {F480E0D5-1944-4F2C-BB28-D92D255059D4}
	EndGlobalSection
EndGlobal
